
Microsoft Visual Studio Solution File, Format Version 12.00
# Visual Studio Version 17
VisualStudioVersion = 17.0.32014.148
MinimumVisualStudioVersion = 10.0.40219.1
Project("{9A19103F-16F7-4668-BE54-9A1E7A4F7556}") = "net6_Console", "net6_Console\net6_Console.csproj", "{A4C1DB84-B227-4414-A198-9C2C0F1B64C4}"
EndProject
Project("{FAE04EC0-301F-11D3-BF4B-00C04F79EFBC}") = "Lib_Framework", "Lib_Framework\Lib_Framework.csproj", "{92082A57-375E-4983-9E22-23664E82BDF2}"
EndProject
Project("{D954291E-2A0B-460D-934E-DC6B0785DB48}") = "SharedProject", "SharedProject\SharedProject.shproj", "{DFC14BF9-7AB9-44EB-A241-636693ECC957}"
EndProject
Project("{F184B08F-C81C-45F6-A57F-5ABD9991F28F}") = "VB_Framework", "VB_Framework\VB_Framework.vbproj", "{773323B0-200B-4CB6-A190-A194161B304F}"
EndProject
Project("{9A19103F-16F7-4668-BE54-9A1E7A4F7556}") = "Core_MVC", "Core_MVC\Core_MVC.csproj", "{F16A01AB-82EF-4E85-9867-13D99F9AF974}"
EndProject
Project("{FAE04EC0-301F-11D3-BF4B-00C04F79EFBC}") = "ASPX", "ASPX\ASPX.csproj", "{DFB808C1-DCE6-478F-8EB9-B4220D5F3C65}"
EndProject
Project("{FAE04EC0-301F-11D3-BF4B-00C04F79EFBC}") = "Xaml", "Xaml\Xaml.csproj", "{765F6886-CEE7-4C80-A56A-96226536840A}"
EndProject
Project("{9A19103F-16F7-4668-BE54-9A1E7A4F7556}") = "Blazor", "Blazor\Blazor.csproj", "{875B0ED7-F5A1-4693-86FE-3E2C269D6AA2}"
EndProject
Project("{8BC9CEB8-8B4A-11D0-8D11-00A0C91BC942}") = "Cpp", "Cpp\Cpp.vcxproj", "{3EE98DBC-D56F-4A85-93D0-6E585141B2FF}"
EndProject
Project("{2150E333-8FDC-42A3-9474-1A3956D46DE8}") = "Solution Items", "Solution Items", "{3D631123-DF96-443E-9A35-396642C4D6EF}"
EndProject
Project("{FAE04EC0-301F-11D3-BF4B-00C04F79EFBC}") = "WinFormsApp", "WinFormsApp\WinFormsApp.csproj", "{587C6148-B1D0-4B0C-8E44-D31F11F8A3E9}"
EndProject
Project("{2150E333-8FDC-42A3-9474-1A3956D46DE8}") = "Old", "Old", "{1ACD0936-E0F3-41CA-A146-ADC2BB5603D3}"
EndProject
Project("{2150E333-8FDC-42A3-9474-1A3956D46DE8}") = "New", "New", "{33DAD37B-2855-4CF4-A76A-34DBD74C6D27}"
EndProject
Project("{9A19103F-16F7-4668-BE54-9A1E7A4F7556}") = "Core_App", "Core_App\Core_App.csproj", "{C4E898C0-299D-49AD-A863-A3108CAA032D}"
EndProject
Project("{FAE04EC0-301F-11D3-BF4B-00C04F79EFBC}") = "Framework_Lib", "Framework_Lib\Framework_Lib.csproj", "{8E598801-ADCC-4642-8707-5692ED2EFE6F}"
EndProject
Project("{FAE04EC0-301F-11D3-BF4B-00C04F79EFBC}") = "Multi", "Multi\Multi.csproj", "{72962885-2120-431C-9596-368D19805800}"
EndProject
Global
	GlobalSection(SolutionConfigurationPlatforms) = preSolution
		Debug|Any CPU = Debug|Any CPU
		Debug|x64 = Debug|x64
		Debug|x86 = Debug|x86
		Release|Any CPU = Release|Any CPU
		Release|x64 = Release|x64
		Release|x86 = Release|x86
	EndGlobalSection
	GlobalSection(ProjectConfigurationPlatforms) = postSolution
		{A4C1DB84-B227-4414-A198-9C2C0F1B64C4}.Debug|Any CPU.ActiveCfg = Debug|Any CPU
		{A4C1DB84-B227-4414-A198-9C2C0F1B64C4}.Debug|Any CPU.Build.0 = Debug|Any CPU
		{A4C1DB84-B227-4414-A198-9C2C0F1B64C4}.Debug|x64.ActiveCfg = Debug|Any CPU
		{A4C1DB84-B227-4414-A198-9C2C0F1B64C4}.Debug|x64.Build.0 = Debug|Any CPU
		{A4C1DB84-B227-4414-A198-9C2C0F1B64C4}.Debug|x86.ActiveCfg = Debug|Any CPU
		{A4C1DB84-B227-4414-A198-9C2C0F1B64C4}.Debug|x86.Build.0 = Debug|Any CPU
		{A4C1DB84-B227-4414-A198-9C2C0F1B64C4}.Release|Any CPU.ActiveCfg = Release|Any CPU
		{A4C1DB84-B227-4414-A198-9C2C0F1B64C4}.Release|Any CPU.Build.0 = Release|Any CPU
		{A4C1DB84-B227-4414-A198-9C2C0F1B64C4}.Release|x64.ActiveCfg = Release|Any CPU
		{A4C1DB84-B227-4414-A198-9C2C0F1B64C4}.Release|x64.Build.0 = Release|Any CPU
		{A4C1DB84-B227-4414-A198-9C2C0F1B64C4}.Release|x86.ActiveCfg = Release|Any CPU
		{A4C1DB84-B227-4414-A198-9C2C0F1B64C4}.Release|x86.Build.0 = Release|Any CPU
		{92082A57-375E-4983-9E22-23664E82BDF2}.Debug|Any CPU.ActiveCfg = Debug|Any CPU
		{92082A57-375E-4983-9E22-23664E82BDF2}.Debug|Any CPU.Build.0 = Debug|Any CPU
		{92082A57-375E-4983-9E22-23664E82BDF2}.Debug|x64.ActiveCfg = Debug|Any CPU
		{92082A57-375E-4983-9E22-23664E82BDF2}.Debug|x64.Build.0 = Debug|Any CPU
		{92082A57-375E-4983-9E22-23664E82BDF2}.Debug|x86.ActiveCfg = Debug|Any CPU
		{92082A57-375E-4983-9E22-23664E82BDF2}.Debug|x86.Build.0 = Debug|Any CPU
		{92082A57-375E-4983-9E22-23664E82BDF2}.Release|Any CPU.ActiveCfg = Release|Any CPU
		{92082A57-375E-4983-9E22-23664E82BDF2}.Release|Any CPU.Build.0 = Release|Any CPU
		{92082A57-375E-4983-9E22-23664E82BDF2}.Release|x64.ActiveCfg = Release|Any CPU
		{92082A57-375E-4983-9E22-23664E82BDF2}.Release|x64.Build.0 = Release|Any CPU
		{92082A57-375E-4983-9E22-23664E82BDF2}.Release|x86.ActiveCfg = Release|Any CPU
		{92082A57-375E-4983-9E22-23664E82BDF2}.Release|x86.Build.0 = Release|Any CPU
		{773323B0-200B-4CB6-A190-A194161B304F}.Debug|Any CPU.ActiveCfg = Debug|Any CPU
		{773323B0-200B-4CB6-A190-A194161B304F}.Debug|Any CPU.Build.0 = Debug|Any CPU
		{773323B0-200B-4CB6-A190-A194161B304F}.Debug|x64.ActiveCfg = Debug|Any CPU
		{773323B0-200B-4CB6-A190-A194161B304F}.Debug|x64.Build.0 = Debug|Any CPU
		{773323B0-200B-4CB6-A190-A194161B304F}.Debug|x86.ActiveCfg = Debug|Any CPU
		{773323B0-200B-4CB6-A190-A194161B304F}.Debug|x86.Build.0 = Debug|Any CPU
		{773323B0-200B-4CB6-A190-A194161B304F}.Release|Any CPU.ActiveCfg = Release|Any CPU
		{773323B0-200B-4CB6-A190-A194161B304F}.Release|Any CPU.Build.0 = Release|Any CPU
		{773323B0-200B-4CB6-A190-A194161B304F}.Release|x64.ActiveCfg = Release|Any CPU
		{773323B0-200B-4CB6-A190-A194161B304F}.Release|x64.Build.0 = Release|Any CPU
		{773323B0-200B-4CB6-A190-A194161B304F}.Release|x86.ActiveCfg = Release|Any CPU
		{773323B0-200B-4CB6-A190-A194161B304F}.Release|x86.Build.0 = Release|Any CPU
		{F16A01AB-82EF-4E85-9867-13D99F9AF974}.Debug|Any CPU.ActiveCfg = Debug|Any CPU
		{F16A01AB-82EF-4E85-9867-13D99F9AF974}.Debug|Any CPU.Build.0 = Debug|Any CPU
		{F16A01AB-82EF-4E85-9867-13D99F9AF974}.Debug|x64.ActiveCfg = Debug|Any CPU
		{F16A01AB-82EF-4E85-9867-13D99F9AF974}.Debug|x64.Build.0 = Debug|Any CPU
		{F16A01AB-82EF-4E85-9867-13D99F9AF974}.Debug|x86.ActiveCfg = Debug|Any CPU
		{F16A01AB-82EF-4E85-9867-13D99F9AF974}.Debug|x86.Build.0 = Debug|Any CPU
		{F16A01AB-82EF-4E85-9867-13D99F9AF974}.Release|Any CPU.ActiveCfg = Release|Any CPU
		{F16A01AB-82EF-4E85-9867-13D99F9AF974}.Release|Any CPU.Build.0 = Release|Any CPU
		{F16A01AB-82EF-4E85-9867-13D99F9AF974}.Release|x64.ActiveCfg = Release|Any CPU
		{F16A01AB-82EF-4E85-9867-13D99F9AF974}.Release|x64.Build.0 = Release|Any CPU
		{F16A01AB-82EF-4E85-9867-13D99F9AF974}.Release|x86.ActiveCfg = Release|Any CPU
		{F16A01AB-82EF-4E85-9867-13D99F9AF974}.Release|x86.Build.0 = Release|Any CPU
		{DFB808C1-DCE6-478F-8EB9-B4220D5F3C65}.Debug|Any CPU.ActiveCfg = Debug|Any CPU
		{DFB808C1-DCE6-478F-8EB9-B4220D5F3C65}.Debug|Any CPU.Build.0 = Debug|Any CPU
		{DFB808C1-DCE6-478F-8EB9-B4220D5F3C65}.Debug|x64.ActiveCfg = Debug|Any CPU
		{DFB808C1-DCE6-478F-8EB9-B4220D5F3C65}.Debug|x64.Build.0 = Debug|Any CPU
		{DFB808C1-DCE6-478F-8EB9-B4220D5F3C65}.Debug|x86.ActiveCfg = Debug|Any CPU
		{DFB808C1-DCE6-478F-8EB9-B4220D5F3C65}.Debug|x86.Build.0 = Debug|Any CPU
		{DFB808C1-DCE6-478F-8EB9-B4220D5F3C65}.Release|Any CPU.ActiveCfg = Release|Any CPU
		{DFB808C1-DCE6-478F-8EB9-B4220D5F3C65}.Release|Any CPU.Build.0 = Release|Any CPU
		{DFB808C1-DCE6-478F-8EB9-B4220D5F3C65}.Release|x64.ActiveCfg = Release|Any CPU
		{DFB808C1-DCE6-478F-8EB9-B4220D5F3C65}.Release|x64.Build.0 = Release|Any CPU
		{DFB808C1-DCE6-478F-8EB9-B4220D5F3C65}.Release|x86.ActiveCfg = Release|Any CPU
		{DFB808C1-DCE6-478F-8EB9-B4220D5F3C65}.Release|x86.Build.0 = Release|Any CPU
		{765F6886-CEE7-4C80-A56A-96226536840A}.Debug|Any CPU.ActiveCfg = Debug|Any CPU
		{765F6886-CEE7-4C80-A56A-96226536840A}.Debug|Any CPU.Build.0 = Debug|Any CPU
		{765F6886-CEE7-4C80-A56A-96226536840A}.Debug|x64.ActiveCfg = Debug|Any CPU
		{765F6886-CEE7-4C80-A56A-96226536840A}.Debug|x64.Build.0 = Debug|Any CPU
		{765F6886-CEE7-4C80-A56A-96226536840A}.Debug|x86.ActiveCfg = Debug|Any CPU
		{765F6886-CEE7-4C80-A56A-96226536840A}.Debug|x86.Build.0 = Debug|Any CPU
		{765F6886-CEE7-4C80-A56A-96226536840A}.Release|Any CPU.ActiveCfg = Release|Any CPU
		{765F6886-CEE7-4C80-A56A-96226536840A}.Release|Any CPU.Build.0 = Release|Any CPU
		{765F6886-CEE7-4C80-A56A-96226536840A}.Release|x64.ActiveCfg = Release|Any CPU
		{765F6886-CEE7-4C80-A56A-96226536840A}.Release|x64.Build.0 = Release|Any CPU
		{765F6886-CEE7-4C80-A56A-96226536840A}.Release|x86.ActiveCfg = Release|Any CPU
		{765F6886-CEE7-4C80-A56A-96226536840A}.Release|x86.Build.0 = Release|Any CPU
		{875B0ED7-F5A1-4693-86FE-3E2C269D6AA2}.Debug|Any CPU.ActiveCfg = Debug|Any CPU
		{875B0ED7-F5A1-4693-86FE-3E2C269D6AA2}.Debug|Any CPU.Build.0 = Debug|Any CPU
		{875B0ED7-F5A1-4693-86FE-3E2C269D6AA2}.Debug|x64.ActiveCfg = Debug|Any CPU
		{875B0ED7-F5A1-4693-86FE-3E2C269D6AA2}.Debug|x64.Build.0 = Debug|Any CPU
		{875B0ED7-F5A1-4693-86FE-3E2C269D6AA2}.Debug|x86.ActiveCfg = Debug|Any CPU
		{875B0ED7-F5A1-4693-86FE-3E2C269D6AA2}.Debug|x86.Build.0 = Debug|Any CPU
		{875B0ED7-F5A1-4693-86FE-3E2C269D6AA2}.Release|Any CPU.ActiveCfg = Release|Any CPU
		{875B0ED7-F5A1-4693-86FE-3E2C269D6AA2}.Release|Any CPU.Build.0 = Release|Any CPU
		{875B0ED7-F5A1-4693-86FE-3E2C269D6AA2}.Release|x64.ActiveCfg = Release|Any CPU
		{875B0ED7-F5A1-4693-86FE-3E2C269D6AA2}.Release|x64.Build.0 = Release|Any CPU
		{875B0ED7-F5A1-4693-86FE-3E2C269D6AA2}.Release|x86.ActiveCfg = Release|Any CPU
		{875B0ED7-F5A1-4693-86FE-3E2C269D6AA2}.Release|x86.Build.0 = Release|Any CPU
		{3EE98DBC-D56F-4A85-93D0-6E585141B2FF}.Debug|Any CPU.ActiveCfg = Debug|x64
		{3EE98DBC-D56F-4A85-93D0-6E585141B2FF}.Debug|Any CPU.Build.0 = Debug|x64
		{3EE98DBC-D56F-4A85-93D0-6E585141B2FF}.Debug|x64.ActiveCfg = Debug|x64
		{3EE98DBC-D56F-4A85-93D0-6E585141B2FF}.Debug|x64.Build.0 = Debug|x64
		{3EE98DBC-D56F-4A85-93D0-6E585141B2FF}.Debug|x86.ActiveCfg = Debug|Win32
		{3EE98DBC-D56F-4A85-93D0-6E585141B2FF}.Debug|x86.Build.0 = Debug|Win32
		{3EE98DBC-D56F-4A85-93D0-6E585141B2FF}.Release|Any CPU.ActiveCfg = Release|x64
		{3EE98DBC-D56F-4A85-93D0-6E585141B2FF}.Release|Any CPU.Build.0 = Release|x64
		{3EE98DBC-D56F-4A85-93D0-6E585141B2FF}.Release|x64.ActiveCfg = Release|x64
		{3EE98DBC-D56F-4A85-93D0-6E585141B2FF}.Release|x64.Build.0 = Release|x64
		{3EE98DBC-D56F-4A85-93D0-6E585141B2FF}.Release|x86.ActiveCfg = Release|Win32
		{3EE98DBC-D56F-4A85-93D0-6E585141B2FF}.Release|x86.Build.0 = Release|Win32
		{587C6148-B1D0-4B0C-8E44-D31F11F8A3E9}.Debug|Any CPU.ActiveCfg = Debug|Any CPU
		{587C6148-B1D0-4B0C-8E44-D31F11F8A3E9}.Debug|Any CPU.Build.0 = Debug|Any CPU
		{587C6148-B1D0-4B0C-8E44-D31F11F8A3E9}.Debug|x64.ActiveCfg = Debug|Any CPU
		{587C6148-B1D0-4B0C-8E44-D31F11F8A3E9}.Debug|x64.Build.0 = Debug|Any CPU
		{587C6148-B1D0-4B0C-8E44-D31F11F8A3E9}.Debug|x86.ActiveCfg = Debug|Any CPU
		{587C6148-B1D0-4B0C-8E44-D31F11F8A3E9}.Debug|x86.Build.0 = Debug|Any CPU
		{587C6148-B1D0-4B0C-8E44-D31F11F8A3E9}.Release|Any CPU.ActiveCfg = Release|Any CPU
		{587C6148-B1D0-4B0C-8E44-D31F11F8A3E9}.Release|Any CPU.Build.0 = Release|Any CPU
		{587C6148-B1D0-4B0C-8E44-D31F11F8A3E9}.Release|x64.ActiveCfg = Release|Any CPU
		{587C6148-B1D0-4B0C-8E44-D31F11F8A3E9}.Release|x64.Build.0 = Release|Any CPU
		{587C6148-B1D0-4B0C-8E44-D31F11F8A3E9}.Release|x86.ActiveCfg = Release|Any CPU
		{587C6148-B1D0-4B0C-8E44-D31F11F8A3E9}.Release|x86.Build.0 = Release|Any CPU
		{C4E898C0-299D-49AD-A863-A3108CAA032D}.Debug|Any CPU.ActiveCfg = Debug|Any CPU
		{C4E898C0-299D-49AD-A863-A3108CAA032D}.Debug|Any CPU.Build.0 = Debug|Any CPU
		{C4E898C0-299D-49AD-A863-A3108CAA032D}.Debug|x64.ActiveCfg = Debug|Any CPU
		{C4E898C0-299D-49AD-A863-A3108CAA032D}.Debug|x64.Build.0 = Debug|Any CPU
		{C4E898C0-299D-49AD-A863-A3108CAA032D}.Debug|x86.ActiveCfg = Debug|Any CPU
		{C4E898C0-299D-49AD-A863-A3108CAA032D}.Debug|x86.Build.0 = Debug|Any CPU
		{C4E898C0-299D-49AD-A863-A3108CAA032D}.Release|Any CPU.ActiveCfg = Release|Any CPU
		{C4E898C0-299D-49AD-A863-A3108CAA032D}.Release|Any CPU.Build.0 = Release|Any CPU
		{C4E898C0-299D-49AD-A863-A3108CAA032D}.Release|x64.ActiveCfg = Release|Any CPU
		{C4E898C0-299D-49AD-A863-A3108CAA032D}.Release|x64.Build.0 = Release|Any CPU
		{C4E898C0-299D-49AD-A863-A3108CAA032D}.Release|x86.ActiveCfg = Release|Any CPU
		{C4E898C0-299D-49AD-A863-A3108CAA032D}.Release|x86.Build.0 = Release|Any CPU
		{8E598801-ADCC-4642-8707-5692ED2EFE6F}.Debug|Any CPU.ActiveCfg = Debug|Any CPU
		{8E598801-ADCC-4642-8707-5692ED2EFE6F}.Debug|Any CPU.Build.0 = Debug|Any CPU
		{8E598801-ADCC-4642-8707-5692ED2EFE6F}.Debug|x64.ActiveCfg = Debug|Any CPU
		{8E598801-ADCC-4642-8707-5692ED2EFE6F}.Debug|x64.Build.0 = Debug|Any CPU
		{8E598801-ADCC-4642-8707-5692ED2EFE6F}.Debug|x86.ActiveCfg = Debug|Any CPU
		{8E598801-ADCC-4642-8707-5692ED2EFE6F}.Debug|x86.Build.0 = Debug|Any CPU
		{8E598801-ADCC-4642-8707-5692ED2EFE6F}.Release|Any CPU.ActiveCfg = Release|Any CPU
		{8E598801-ADCC-4642-8707-5692ED2EFE6F}.Release|Any CPU.Build.0 = Release|Any CPU
		{8E598801-ADCC-4642-8707-5692ED2EFE6F}.Release|x64.ActiveCfg = Release|Any CPU
		{8E598801-ADCC-4642-8707-5692ED2EFE6F}.Release|x64.Build.0 = Release|Any CPU
		{8E598801-ADCC-4642-8707-5692ED2EFE6F}.Release|x86.ActiveCfg = Release|Any CPU
		{8E598801-ADCC-4642-8707-5692ED2EFE6F}.Release|x86.Build.0 = Release|Any CPU
		{72962885-2120-431C-9596-368D19805800}.Debug|Any CPU.ActiveCfg = Debug|Any CPU
		{72962885-2120-431C-9596-368D19805800}.Debug|Any CPU.Build.0 = Debug|Any CPU
		{72962885-2120-431C-9596-368D19805800}.Debug|x64.ActiveCfg = Debug|Any CPU
		{72962885-2120-431C-9596-368D19805800}.Debug|x64.Build.0 = Debug|Any CPU
		{72962885-2120-431C-9596-368D19805800}.Debug|x86.ActiveCfg = Debug|Any CPU
		{72962885-2120-431C-9596-368D19805800}.Debug|x86.Build.0 = Debug|Any CPU
		{72962885-2120-431C-9596-368D19805800}.Release|Any CPU.ActiveCfg = Release|Any CPU
		{72962885-2120-431C-9596-368D19805800}.Release|Any CPU.Build.0 = Release|Any CPU
		{72962885-2120-431C-9596-368D19805800}.Release|x64.ActiveCfg = Release|Any CPU
		{72962885-2120-431C-9596-368D19805800}.Release|x64.Build.0 = Release|Any CPU
		{72962885-2120-431C-9596-368D19805800}.Release|x86.ActiveCfg = Release|Any CPU
		{72962885-2120-431C-9596-368D19805800}.Release|x86.Build.0 = Release|Any CPU
	EndGlobalSection
	GlobalSection(SolutionProperties) = preSolution
		HideSolutionNode = FALSE
	EndGlobalSection
	GlobalSection(NestedProjects) = preSolution
		{A4C1DB84-B227-4414-A198-9C2C0F1B64C4} = {1ACD0936-E0F3-41CA-A146-ADC2BB5603D3}
		{92082A57-375E-4983-9E22-23664E82BDF2} = {1ACD0936-E0F3-41CA-A146-ADC2BB5603D3}
		{DFC14BF9-7AB9-44EB-A241-636693ECC957} = {1ACD0936-E0F3-41CA-A146-ADC2BB5603D3}
		{773323B0-200B-4CB6-A190-A194161B304F} = {1ACD0936-E0F3-41CA-A146-ADC2BB5603D3}
		{F16A01AB-82EF-4E85-9867-13D99F9AF974} = {1ACD0936-E0F3-41CA-A146-ADC2BB5603D3}
		{DFB808C1-DCE6-478F-8EB9-B4220D5F3C65} = {1ACD0936-E0F3-41CA-A146-ADC2BB5603D3}
		{765F6886-CEE7-4C80-A56A-96226536840A} = {1ACD0936-E0F3-41CA-A146-ADC2BB5603D3}
		{875B0ED7-F5A1-4693-86FE-3E2C269D6AA2} = {1ACD0936-E0F3-41CA-A146-ADC2BB5603D3}
		{3EE98DBC-D56F-4A85-93D0-6E585141B2FF} = {1ACD0936-E0F3-41CA-A146-ADC2BB5603D3}
		{587C6148-B1D0-4B0C-8E44-D31F11F8A3E9} = {1ACD0936-E0F3-41CA-A146-ADC2BB5603D3}
		{C4E898C0-299D-49AD-A863-A3108CAA032D} = {33DAD37B-2855-4CF4-A76A-34DBD74C6D27}
		{8E598801-ADCC-4642-8707-5692ED2EFE6F} = {33DAD37B-2855-4CF4-A76A-34DBD74C6D27}
		{72962885-2120-431C-9596-368D19805800} = {33DAD37B-2855-4CF4-A76A-34DBD74C6D27}
	EndGlobalSection
	GlobalSection(ExtensibilityGlobals) = postSolution
		SolutionGuid = {B6425540-1904-45B4-9EB9-8681EE34D089}
	EndGlobalSection
	GlobalSection(SharedMSBuildProjectFiles) = preSolution
		SharedProject\SharedProject.projitems*{92082a57-375e-4983-9e22-23664e82bdf2}*SharedItemsImports = 4
		SharedProject\SharedProject.projitems*{a4c1db84-b227-4414-a198-9c2c0f1b64c4}*SharedItemsImports = 5
		SharedProject\SharedProject.projitems*{dfc14bf9-7ab9-44eb-a241-636693ecc957}*SharedItemsImports = 13
	EndGlobalSection
EndGlobal
